
Microsoft Visual Studio Solution File, Format Version 12.00
# Visual Studio Version 16
VisualStudioVersion = 16.0.30413.136
MinimumVisualStudioVersion = 10.0.40219.1
Project("{9A19103F-16F7-4668-BE54-9A1E7A4F7556}") = "CodingChallengeAsp", "CodingChallengeAsp\CodingChallengeAsp.csproj", "{2E72F4E9-B11E-41B3-BD30-EE24A840706A}"
EndProject
Project("{9A19103F-16F7-4668-BE54-9A1E7A4F7556}") = "Testing", "Testing\Testing.csproj", "{C2CC88F0-A8C2-4477-B2D0-14F6A1CFECEE}"
EndProject
Global
	GlobalSection(SolutionConfigurationPlatforms) = preSolution
		Debug|Any CPU = Debug|Any CPU
		Release|Any CPU = Release|Any CPU
	EndGlobalSection
	GlobalSection(ProjectConfigurationPlatforms) = postSolution
		{2E72F4E9-B11E-41B3-BD30-EE24A840706A}.Debug|Any CPU.ActiveCfg = Debug|Any CPU
		{2E72F4E9-B11E-41B3-BD30-EE24A840706A}.Debug|Any CPU.Build.0 = Debug|Any CPU
		{2E72F4E9-B11E-41B3-BD30-EE24A840706A}.Release|Any CPU.ActiveCfg = Release|Any CPU
		{2E72F4E9-B11E-41B3-BD30-EE24A840706A}.Release|Any CPU.Build.0 = Release|Any CPU
		{C2CC88F0-A8C2-4477-B2D0-14F6A1CFECEE}.Debug|Any CPU.ActiveCfg = Debug|Any CPU
		{C2CC88F0-A8C2-4477-B2D0-14F6A1CFECEE}.Debug|Any CPU.Build.0 = Debug|Any CPU
		{C2CC88F0-A8C2-4477-B2D0-14F6A1CFECEE}.Release|Any CPU.ActiveCfg = Release|Any CPU
		{C2CC88F0-A8C2-4477-B2D0-14F6A1CFECEE}.Release|Any CPU.Build.0 = Release|Any CPU
	EndGlobalSection
	GlobalSection(SolutionProperties) = preSolution
		HideSolutionNode = FALSE
	EndGlobalSection
	GlobalSection(ExtensibilityGlobals) = postSolution
		SolutionGuid = {6578F03C-8532-4C91-B56B-7EEAD8648E3A}
	EndGlobalSection
EndGlobal
